
Microsoft Visual Studio Solution File, Format Version 12.00
# Visual Studio Version 16
VisualStudioVersion = 25.0.1703.8
MinimumVisualStudioVersion = 10.0.40219.1
Project("{FAE04EC0-301F-11D3-BF4B-00C04F79EFBC}") = "LetsOrderFoods", "LetsOrderFoods\LetsOrderFoods.csproj", "{A5CC2C21-A674-4084-B4A8-C9961C385363}"
EndProject
Global
	GlobalSection(SolutionConfigurationPlatforms) = preSolution
		Debug|Any CPU = Debug|Any CPU
		Release|Any CPU = Release|Any CPU
	EndGlobalSection
	GlobalSection(ProjectConfigurationPlatforms) = postSolution
		{A5CC2C21-A674-4084-B4A8-C9961C385363}.Debug|Any CPU.ActiveCfg = Debug|Any CPU
		{A5CC2C21-A674-4084-B4A8-C9961C385363}.Debug|Any CPU.Build.0 = Debug|Any CPU
		{A5CC2C21-A674-4084-B4A8-C9961C385363}.Release|Any CPU.ActiveCfg = Release|Any CPU
		{A5CC2C21-A674-4084-B4A8-C9961C385363}.Release|Any CPU.Build.0 = Release|Any CPU
	EndGlobalSection
	GlobalSection(SolutionProperties) = preSolution
		HideSolutionNode = FALSE
	EndGlobalSection
	GlobalSection(ExtensibilityGlobals) = postSolution
		SolutionGuid = {49C79726-E712-4666-938B-102628CE9B88}
	EndGlobalSection
EndGlobal
